PODS:
  - EZBasicKit (0.1.1):
    - EZBasicKit/Animator (= 0.1.1)
    - EZBasicKit/CustomUIKit (= 0.1.1)
    - EZBasicKit/Extension (= 0.1.1)
    - EZBasicKit/EZI (= 0.1.1)
    - EZBasicKit/EZMenu (= 0.1.1)
    - EZBasicKit/EZPresentation (= 0.1.1)
    - EZBasicKit/Identifiable (= 0.1.1)
    - EZBasicKit/ObjectsController (= 0.1.1)
    - EZBasicKit/Selection (= 0.1.1)
    - EZBasicKit/Utilities (= 0.1.1)
  - EZBasicKit/Animator (0.1.1)
  - EZBasicKit/CustomUIKit (0.1.1)
  - EZBasicKit/Extension (0.1.1):
    - EZBasicKit/Extension/FoundationExtension (= 0.1.1)
    - EZBasicKit/Extension/UIKitExtension (= 0.1.1)
  - EZBasicKit/Extension/FoundationExtension (0.1.1)
  - EZBasicKit/Extension/UIKitExtension (0.1.1)
  - EZBasicKit/EZI (0.1.1)
  - EZBasicKit/EZMenu (0.1.1)
  - EZBasicKit/EZPresentation (0.1.1):
    - EZBasicKit/Animator
  - EZBasicKit/Identifiable (0.1.1)
  - EZBasicKit/ObjectsController (0.1.1)
  - EZBasicKit/Selection (0.1.1)
  - EZBasicKit/Utilities (0.1.1)
  - FBSnapshotTestCase (2.1.4):
    - FBSnapshotTestCase/SwiftSupport (= 2.1.4)
  - FBSnapshotTestCase/Core (2.1.4)
  - FBSnapshotTestCase/SwiftSupport (2.1.4):
    - FBSnapshotTestCase/Core
  - iOSSnapshotTestCase (5.0.2):
    - iOSSnapshotTestCase/SwiftSupport (= 5.0.2)
  - iOSSnapshotTestCase/Core (5.0.2)
  - iOSSnapshotTestCase/SwiftSupport (5.0.2):
    - iOSSnapshotTestCase/Core
  - Nimble (7.3.4)
  - Nimble-Snapshots (6.9.1):
    - Nimble-Snapshots/Core (= 6.9.1)
  - Nimble-Snapshots/Core (6.9.1):
    - iOSSnapshotTestCase (~> 5.0)
    - Nimble (~> 7.0)
  - Quick (2.1.0)

DEPENDENCIES:
  - EZBasicKit (from `../`)
  - FBSnapshotTestCase
  - Nimble
  - Nimble-Snapshots
  - Quick

SPEC REPOS:
  https://github.com/cocoapods/specs.git:
    - FBSnapshotTestCase
    - iOSSnapshotTestCase
    - Nimble
    - Nimble-Snapshots
    - Quick

EXTERNAL SOURCES:
  EZBasicKit:
    :path: "../"

SPEC CHECKSUMS:
  EZBasicKit: 37ed6c397835e913a6caafdb716998a49e0de986
  FBSnapshotTestCase: 094f9f314decbabe373b87cc339bea235a63e07a
  iOSSnapshotTestCase: 2d51aa06775e95cecb0a1fb9c5c159ccd1dd4596
  Nimble: 051e3d8912d40138fa5591c78594f95fb172af37
  Nimble-Snapshots: bbd1ab264bacc24a9ce24a8363bc05aac783aeb0
  Quick: 4be43f6634acfa727dd106bdf3929ce125ffa79d

PODFILE CHECKSUM: c8fe1ce0059239baa587993bbed65d7294ab1bbd

COCOAPODS: 1.7.0.beta.3
